// !$*UTF8*$!
{
	archiveVersion = 1;
	classes = {
	};
	objectVersion = 46;
	objects = {

/* Begin PBXBuildFile section */
		7EC5D5131BA3CB9400EFC496 /* AppDelegate.swift in Sources */ = {isa = PBXBuildFile; fileRef = 7EC5D5121BA3CB9400EFC496 /* AppDelegate.swift */; };
		7EC5D5151BA3CB9400EFC496 /* ViewController.swift in Sources */ = {isa = PBXBuildFile; fileRef = 7EC5D5141BA3CB9400EFC496 /* ViewController.swift */; };
		7EC5D5181BA3CB9400EFC496 /* Main.storyboard in Resources */ = {isa = PBXBuildFile; fileRef = 7EC5D5161BA3CB9400EFC496 /* Main.storyboard */; };
		7EC5D51A1BA3CB9400EFC496 /* Assets.xcassets in Resources */ = {isa = PBXBuildFile; fileRef = 7EC5D5191BA3CB9400EFC496 /* Assets.xcassets */; };
		7EC5D5221BA3E76900EFC496 /* ListTableViewController.swift in Sources */ = {isa = PBXBuildFile; fileRef = 7EC5D5211BA3E76900EFC496 /* ListTableViewController.swift */; };
/* End PBXBuildFile section */

/* Begin PBXFileReference section */
		7EC5D50F1BA3CB9400EFC496 /* DemoTvOS.app */ = {isa = PBXFileReference; explicitFileType = wrapper.application; includeInIndex = 0; path = DemoTvOS.app; sourceTree = BUILT_PRODUCTS_DIR; };
		7EC5D5121BA3CB9400EFC496 /* AppDelegate.swift */ = {isa = PBXFileReference; lastKnownFileType = sourcecode.swift; path = AppDelegate.swift; sourceTree = "<group>"; };
		7EC5D5141BA3CB9400EFC496 /* ViewController.swift */ = {isa = PBXFileReference; lastKnownFileType = sourcecode.swift; path = ViewController.swift; sourceTree = "<group>"; };
		7EC5D5171BA3CB9400EFC496 /* Base */ = {isa = PBXFileReference; lastKnownFileType = file.storyboard; name = Base; path = Base.lproj/Main.storyboard; sourceTree = "<group>"; };
		7EC5D5191BA3CB9400EFC496 /* Assets.xcassets */ = {isa = PBXFileReference; lastKnownFileType = folder.assetcatalog; path = Assets.xcassets; sourceTree = "<group>"; };
		7EC5D51B1BA3CB9400EFC496 /* Info.plist */ = {isa = PBXFileReference; lastKnownFileType = text.plist.xml; path = Info.plist; sourceTree = "<group>"; };
		7EC5D5211BA3E76900EFC496 /* ListTableViewController.swift */ = {isa = PBXFileReference; fileEncoding = 4; lastKnownFileType = sourcecode.swift; path = ListTableViewController.swift; sourceTree = "<group>"; };
/* End PBXFileReference section */

/* Begin PBXFrameworksBuildPhase section */
		7EC5D50C1BA3CB9400EFC496 /* Frameworks */ = {
			isa = PBXFrameworksBuildPhase;
			buildActionMask = 2147483647;
			files = (
			);
			runOnlyForDeploymentPostprocessing = 0;
		};
/* End PBXFrameworksBuildPhase section */

/* Begin PBXGroup section */
		7EC5D5061BA3CB9400EFC496 = {
			isa = PBXGroup;
			children = (
				7EC5D5111BA3CB9400EFC496 /* DemoTvOS */,
				7EC5D5101BA3CB9400EFC496 /* Products */,
			);
			sourceTree = "<group>";
		};
		7EC5D5101BA3CB9400EFC496 /* Products */ = {
			isa = PBXGroup;
			children = (
				7EC5D50F1BA3CB9400EFC496 /* DemoTvOS.app */,
			);
			name = Products;
			sourceTree = "<group>";
		};
		7EC5D5111BA3CB9400EFC496 /* DemoTvOS */ = {
			isa = PBXGroup;
			children = (
				7EC5D5121BA3CB9400EFC496 /* AppDelegate.swift */,
				7EC5D5141BA3CB9400EFC496 /* ViewController.swift */,
				7EC5D5211BA3E76900EFC496 /* ListTableViewController.swift */,
				7EC5D5161BA3CB9400EFC496 /* Main.storyboard */,
				7EC5D5191BA3CB9400EFC496 /* Assets.xcassets */,
				7EC5D51B1BA3CB9400EFC496 /* Info.plist */,
			);
			path = DemoTvOS;
			sourceTree = "<group>";
		};
/* End PBXGroup section */

/* Begin PBXNativeTarget section */
		7EC5D50E1BA3CB9400EFC496 /* DemoTvOS */ = {
			isa = PBXNativeTarget;
			buildConfigurationList = 7EC5D51E1BA3CB9400EFC496 /* Build configuration list for PBXNativeTarget "DemoTvOS" */;
			buildPhases = (
				7EC5D50B1BA3CB9400EFC496 /* Sources */,
				7EC5D50C1BA3CB9400EFC496 /* Frameworks */,
				7EC5D50D1BA3CB9400EFC496 /* Resources */,
			);
			buildRules = (
			);
			dependencies = (
			);
			name = DemoTvOS;
			productName = DemoTvOS;
			productReference = 7EC5D50F1BA3CB9400EFC496 /* DemoTvOS.app */;
			productType = "com.apple.product-type.application";
		};
/* End PBXNativeTarget section */

/* Begin PBXProject section */
		7EC5D5071BA3CB9400EFC496 /* Project object */ = {
			isa = PBXProject;
			attributes = {
				LastUpgradeCheck = 0800;
				ORGANIZATIONNAME = Sweefties;
				TargetAttributes = {
					7EC5D50E1BA3CB9400EFC496 = {
						CreatedOnToolsVersion = 7.1;
						LastSwiftMigration = 0800;
					};
				};
			};
			buildConfigurationList = 7EC5D50A1BA3CB9400EFC496 /* Build configuration list for PBXProject "DemoTvOS" */;
			compatibilityVersion = "Xcode 3.2";
			developmentRegion = English;
			hasScannedForEncodings = 0;
			knownRegions = (
				en,
				Base,
			);
			mainGroup = 7EC5D5061BA3CB9400EFC496;
			productRefGroup = 7EC5D5101BA3CB9400EFC496 /* Products */;
			projectDirPath = "";
			projectRoot = "";
			targets = (
				7EC5D50E1BA3CB9400EFC496 /* DemoTvOS */,
			);
		};
/* End PBXProject section */

/* Begin PBXResourcesBuildPhase section */
		7EC5D50D1BA3CB9400EFC496 /* Resources */ = {
			isa = PBXResourcesBuildPhase;
			buildActionMask = 2147483647;
			files = (
				7EC5D51A1BA3CB9400EFC496 /* Assets.xcassets in Resources */,
				7EC5D5181BA3CB9400EFC496 /* Main.storyboard in Resources */,
			);
			runOnlyForDeploymentPostprocessing = 0;
		};
/* End PBXResourcesBuildPhase section */

/* Begin PBXSourcesBuildPhase section */
		7EC5D50B1BA3CB9400EFC496 /* Sources */ = {
			isa = PBXSourcesBuildPhase;
			buildActionMask = 2147483647;
			files = (
				7EC5D5221BA3E76900EFC496 /* ListTableViewController.swift in Sources */,
				7EC5D5151BA3CB9400EFC496 /* ViewController.swift in Sources */,
				7EC5D5131BA3CB9400EFC496 /* AppDelegate.swift in Sources */,
			);
			runOnlyForDeploymentPostprocessing = 0;
		};
/* End PBXSourcesBuildPhase section */

/* Begin PBXVariantGroup section */
		7EC5D5161BA3CB9400EFC496 /* Main.storyboard */ = {
			isa = PBXVariantGroup;
			children = (
				7EC5D5171BA3CB9400EFC496 /* Base */,
			);
			name = Main.storyboard;
			sourceTree = "<group>";
		};
/* End PBXVariantGroup section */

/* Begin XCBuildConfiguration section */
		7EC5D51C1BA3CB9400EFC496 /* Debug */ = {
			isa = XCBuildConfiguration;
			buildSettings = {
				ALWAYS_SEARCH_USER_PATHS = NO;
				CLANG_CXX_LANGUAGE_STANDARD = "gnu++0x";
				CLANG_CXX_LIBRARY = "libc++";
				CLANG_ENABLE_MODULES = YES;
				CLANG_ENABLE_OBJC_ARC = YES;
				CLANG_WARN_BOOL_CONVERSION = YES;
				CLANG_WARN_CONSTANT_CONVERSION = YES;
				CLANG_WARN_DIRECT_OBJC_ISA_USAGE = YES_ERROR;
				CLANG_WARN_EMPTY_BODY = YES;
				CLANG_WARN_ENUM_CONVERSION = YES;
				CLANG_WARN_INFINITE_RECURSION = YES;
				CLANG_WARN_INT_CONVERSION = YES;
				CLANG_WARN_OBJC_ROOT_CLASS = YES_ERROR;
				CLANG_WARN_SUSPICIOUS_MOVE = YES;
				CLANG_WARN_UNREACHABLE_CODE = YES;
				CLANG_WARN__DUPLICATE_METHOD_MATCH = YES;
				COPY_PHASE_STRIP = NO;
				DEBUG_INFORMATION_FORMAT = dwarf;
				ENABLE_STRICT_OBJC_MSGSEND = YES;
				ENABLE_TESTABILITY = YES;
				GCC_C_LANGUAGE_STANDARD = gnu99;
				GCC_DYNAMIC_NO_PIC = NO;
				GCC_NO_COMMON_BLOCKS = YES;
				GCC_OPTIMIZATION_LEVEL = 0;
				GCC_PREPROCESSOR_DEFINITIONS = (
					"DEBUG=1",
					"$(inherited)",
				);
				GCC_WARN_64_TO_32_BIT_CONVERSION = YES;
				GCC_WARN_ABOUT_RETURN_TYPE = YES_ERROR;
				GCC_WARN_UNDECLARED_SELECTOR = YES;
				GCC_WARN_UNINITIALIZED_AUTOS = YES_AGGRESSIVE;
				GCC_WARN_UNUSED_FUNCTION = YES;
				GCC_WARN_UNUSED_VARIABLE = YES;
				MTL_ENABLE_DEBUG_INFO = YES;
				ONLY_ACTIVE_ARCH = YES;
				SDKROOT = appletvos;
				SWIFT_OPTIMIZATION_LEVEL = "-Onone";
				TARGETED_DEVICE_FAMILY = 3;
				TVOS_DEPLOYMENT_TARGET = 9.0;
			};
			name = Debug;
		};
		7EC5D51D1BA3CB9400EFC496 /* Release */ = {
			isa = XCBuildConfiguration;
			buildSettings = {
				ALWAYS_SEARCH_USER_PATHS = NO;
				CLANG_CXX_LANGUAGE_STANDARD = "gnu++0x";
				CLANG_CXX_LIBRARY = "libc++";
				CLANG_ENABLE_MODULES = YES;
				CLANG_ENABLE_OBJC_ARC = YES;
				CLANG_WARN_BOOL_CONVERSION = YES;
				CLANG_WARN_CONSTANT_CONVERSION = YES;
				CLANG_WARN_DIRECT_OBJC_ISA_USAGE = YES_ERROR;
				CLANG_WARN_EMPTY_BODY = YES;
				CLANG_WARN_ENUM_CONVERSION = YES;
				CLANG_WARN_INFINITE_RECURSION = YES;
				CLANG_WARN_INT_CONVERSION = YES;
				CLANG_WARN_OBJC_ROOT_CLASS = YES_ERROR;
				CLANG_WARN_SUSPICIOUS_MOVE = YES;
				CLANG_WARN_UNREACHABLE_CODE = YES;
				CLANG_WARN__DUPLICATE_METHOD_MATCH = YES;
				COPY_PHASE_STRIP = NO;
				DEBUG_INFORMATION_FORMAT = "dwarf-with-dsym";
				ENABLE_NS_ASSERTIONS = NO;
				ENABLE_STRICT_OBJC_MSGSEND = YES;
				GCC_C_LANGUAGE_STANDARD = gnu99;
				GCC_NO_COMMON_BLOCKS = YES;
				GCC_WARN_64_TO_32_BIT_CONVERSION = YES;
				GCC_WARN_ABOUT_RETURN_TYPE = YES_ERROR;
				GCC_WARN_UNDECLARED_SELECTOR = YES;
				GCC_WARN_UNINITIALIZED_AUTOS = YES_AGGRESSIVE;
				GCC_WARN_UNUSED_FUNCTION = YES;
				GCC_WARN_UNUSED_VARIABLE = YES;
				MTL_ENABLE_DEBUG_INFO = NO;
				SDKROOT = appletvos;
				SWIFT_OPTIMIZATION_LEVEL = "-Owholemodule";
				TARGETED_DEVICE_FAMILY = 3;
				TVOS_DEPLOYMENT_TARGET = 9.0;
				VALIDATE_PRODUCT = YES;
			};
			name = Release;
		};
		7EC5D51F1BA3CB9400EFC496 /* Debug */ = {
			isa = XCBuildConfiguration;
			buildSettings = {
				ASSETCATALOG_COMPILER_APPICON_NAME = "App Icon & Top Shelf Image";
				ASSETCATALOG_COMPILER_LAUNCHIMAGE_NAME = LaunchImage;
				INFOPLIST_FILE = DemoTvOS/Info.plist;
				LD_RUNPATH_SEARCH_PATHS = "$(inherited) @executable_path/Frameworks";
				PRODUCT_BUNDLE_IDENTIFIER = com.sweefties.DemoTvOS;
				PRODUCT_NAME = "$(TARGET_NAME)";
				SWIFT_VERSION = 3.0;
			};
			name = Debug;
		};
		7EC5D5201BA3CB9400EFC496 /* Release */ = {
			isa = XCBuildConfiguration;
			buildSettings = {
				ASSETCATALOG_COMPILER_APPICON_NAME = "App Icon & Top Shelf Image";
				ASSETCATALOG_COMPILER_LAUNCHIMAGE_NAME = LaunchImage;
				INFOPLIST_FILE = DemoTvOS/Info.plist;
				LD_RUNPATH_SEARCH_PATHS = "$(inherited) @executable_path/Frameworks";
				PRODUCT_BUNDLE_IDENTIFIER = com.sweefties.DemoTvOS;
				PRODUCT_NAME = "$(TARGET_NAME)";
				SWIFT_VERSION = 3.0;
			};
			name = Release;
		};
/* End XCBuildConfiguration section */

/* Begin XCConfigurationList section */
		7EC5D50A1BA3CB9400EFC496 /* Build configuration list for PBXProject "DemoTvOS" */ = {
			isa = XCConfigurationList;
			buildConfigurations = (
				7EC5D51C1BA3CB9400EFC496 /* Debug */,
				7EC5D51D1BA3CB9400EFC496 /* Release */,
			);
			defaultConfigurationIsVisible = 0;
			defaultConfigurationName = Release;
		};
		7EC5D51E1BA3CB9400EFC496 /* Build configuration list for PBXNativeTarget "DemoTvOS" */ = {
			isa = XCConfigurationList;
			buildConfigurations = (
				7EC5D51F1BA3CB9400EFC496 /* Debug */,
				7EC5D5201BA3CB9400EFC496 /* Release */,
			);
			defaultConfigurationIsVisible = 0;
			defaultConfigurationName = Release;
		};
/* End XCConfigurationList section */
	};
	rootObject = 7EC5D5071BA3CB9400EFC496 /* Project object */;
}
